<?xml version="1.0" encoding="utf-8"?>
<Project ToolsVersion="4.0" xmlns="http://schemas.microsoft.com/developer/msbuild/2003">
  <ItemGroup>
    <Filter Include="리소스 파일">
      <UniqueIdentifier>{67DA6AB6-F800-4c08-8B7A-83BB121AAD01}</UniqueIdentifier>
      <Extensions>rc;ico;cur;bmp;dlg;rc2;rct;bin;rgs;gif;jpg;jpeg;jpe;resx;tiff;tif;png;wav;mfcribbon-ms</Extensions>
    </Filter>
    <Filter Include="DX11">
      <UniqueIdentifier>{bd0e5fd6-a422-4632-9db8-7cb569c78d41}</UniqueIdentifier>
    </Filter>
    <Filter Include="DX11\Source File">
      <UniqueIdentifier>{6748bebe-cf82-43dd-a80b-f1729ec24c0d}</UniqueIdentifier>
    </Filter>
    <Filter Include="DX11\Header File">
      <UniqueIdentifier>{9d043442-0a91-42b1-80da-47faf25fc6ae}</UniqueIdentifier>
    </Filter>
    <Filter Include="Source File">
      <UniqueIdentifier>{354c0bf3-b134-494e-a9c8-f686a9c2128e}</UniqueIdentifier>
    </Filter>
    <Filter Include="Header File">
      <UniqueIdentifier>{200bf692-7501-4488-9285-133ae6223ee1}</UniqueIdentifier>
    </Filter>
  </ItemGroup>
  <ItemGroup>
    <ClInclude Include="FEDX11Shader.h">
      <Filter>DX11\Header File</Filter>
    </ClInclude>
    <ClInclude Include="FERendererDefine.h" />
    <ClInclude Include="FEDX11Renderer.h">
      <Filter>DX11\Header File</Filter>
    </ClInclude>
    <ClInclude Include="IFEShader.h">
      <Filter>Header File</Filter>
    </ClInclude>
    <ClInclude Include="IFERenderer.h">
      <Filter>Header File</Filter>
    </ClInclude>
    <ClInclude Include="IFEBuffer.h">
      <Filter>Header File</Filter>
    </ClInclude>
    <ClInclude Include="FEDX11Buffer.h">
      <Filter>DX11\Header File</Filter>
    </ClInclude>
    <ClInclude Include="IFETexture.h">
      <Filter>Header File</Filter>
    </ClInclude>
    <ClInclude Include="FEDX11Texture.h">
      <Filter>DX11\Header File</Filter>
    </ClInclude>
  </ItemGroup>
  <ItemGroup>
    <ClCompile Include="FEDX11Shader.cpp">
      <Filter>DX11\Source File</Filter>
    </ClCompile>
    <ClCompile Include="FEDX11Renderer.cpp">
      <Filter>DX11\Source File</Filter>
    </ClCompile>
    <ClCompile Include="IFEShader.cpp">
      <Filter>Source File</Filter>
    </ClCompile>
    <ClCompile Include="IFERenderer.cpp">
      <Filter>Source File</Filter>
    </ClCompile>
    <ClCompile Include="IFEBuffer.cpp">
      <Filter>Source File</Filter>
    </ClCompile>
    <ClCompile Include="FEDX11Buffer.cpp">
      <Filter>DX11\Source File</Filter>
    </ClCompile>
    <ClCompile Include="IFETexture.cpp">
      <Filter>Source File</Filter>
    </ClCompile>
    <ClCompile Include="FEDX11Texture.cpp">
      <Filter>DX11\Source File</Filter>
    </ClCompile>
  </ItemGroup>
</Project>