<?xml version="1.0" encoding="utf-8"?>
<Project ToolsVersion="4.0" xmlns="http://schemas.microsoft.com/developer/msbuild/2003">
  <ItemGroup>
    <Filter Include="리소스 파일">
      <UniqueIdentifier>{67DA6AB6-F800-4c08-8B7A-83BB121AAD01}</UniqueIdentifier>
      <Extensions>rc;ico;cur;bmp;dlg;rc2;rct;bin;rgs;gif;jpg;jpeg;jpe;resx;tiff;tif;png;wav;mfcribbon-ms</Extensions>
    </Filter>
    <Filter Include="Component">
      <UniqueIdentifier>{5d2ef46a-7f12-462b-bb17-42f53864cbc7}</UniqueIdentifier>
    </Filter>
    <Filter Include="Component\Header File">
      <UniqueIdentifier>{19c90ac8-70a4-40b0-8462-8caff222ca6c}</UniqueIdentifier>
    </Filter>
    <Filter Include="Component\Source File">
      <UniqueIdentifier>{e60fe3ee-e750-4170-8350-b7d774d33c0d}</UniqueIdentifier>
    </Filter>
    <Filter Include="Scene">
      <UniqueIdentifier>{17219735-0de2-4d13-91b3-0dde2ad7e988}</UniqueIdentifier>
    </Filter>
    <Filter Include="Scene\Source File">
      <UniqueIdentifier>{afa0c1f3-185c-442f-8b63-c029ed0237a8}</UniqueIdentifier>
    </Filter>
    <Filter Include="Scene\Header File">
      <UniqueIdentifier>{c33fbfdd-8389-4ee0-947e-60e4680b2723}</UniqueIdentifier>
    </Filter>
  </ItemGroup>
  <ItemGroup>
    <ClInclude Include="UserScenes.h" />
    <ClInclude Include="FEUserScene.h" />
    <ClInclude Include="TriWorldScene.h">
      <Filter>Scene\Header File</Filter>
    </ClInclude>
    <ClInclude Include="AnimScene.h">
      <Filter>Scene\Header File</Filter>
    </ClInclude>
    <ClInclude Include="Grid.h">
      <Filter>Component\Header File</Filter>
    </ClInclude>
    <ClInclude Include="FETEST.h">
      <Filter>Component\Header File</Filter>
    </ClInclude>
    <ClInclude Include="CameraController.h">
      <Filter>Component\Header File</Filter>
    </ClInclude>
    <ClInclude Include="TriWorldSystem.h">
      <Filter>Component\Header File</Filter>
    </ClInclude>
  </ItemGroup>
  <ItemGroup>
    <ClCompile Include="FEUserScene.cpp" />
    <ClCompile Include="TriWorldScene.cpp">
      <Filter>Scene\Source File</Filter>
    </ClCompile>
    <ClCompile Include="AnimScene.cpp">
      <Filter>Scene\Source File</Filter>
    </ClCompile>
    <ClCompile Include="Grid.cpp">
      <Filter>Component\Source File</Filter>
    </ClCompile>
    <ClCompile Include="FETEST.cpp">
      <Filter>Component\Source File</Filter>
    </ClCompile>
    <ClCompile Include="CameraController.cpp">
      <Filter>Component\Source File</Filter>
    </ClCompile>
    <ClCompile Include="TriWorldSystem.cpp">
      <Filter>Component\Source File</Filter>
    </ClCompile>
  </ItemGroup>
</Project>